
Microsoft Visual Studio Solution File, Format Version 12.00
# Visual Studio Version 17
VisualStudioVersion = 17.1.32210.238
MinimumVisualStudioVersion = 10.0.40219.1
Project("{FAE04EC0-301F-11D3-BF4B-00C04F79EFBC}") = "HomeworksOne", "HomeworksOne\HomeworksOne.csproj", "{0968D674-EB21-4032-8085-4FE5BF9A7B26}"
EndProject
Global
	GlobalSection(SolutionConfigurationPlatforms) = preSolution
		Debug|Any CPU = Debug|Any CPU
		Release|Any CPU = Release|Any CPU
	EndGlobalSection
	GlobalSection(ProjectConfigurationPlatforms) = postSolution
		{0968D674-EB21-4032-8085-4FE5BF9A7B26}.Debug|Any CPU.ActiveCfg = Debug|Any CPU
		{0968D674-EB21-4032-8085-4FE5BF9A7B26}.Debug|Any CPU.Build.0 = Debug|Any CPU
		{0968D674-EB21-4032-8085-4FE5BF9A7B26}.Release|Any CPU.ActiveCfg = Release|Any CPU
		{0968D674-EB21-4032-8085-4FE5BF9A7B26}.Release|Any CPU.Build.0 = Release|Any CPU
	EndGlobalSection
	GlobalSection(SolutionProperties) = preSolution
		HideSolutionNode = FALSE
	EndGlobalSection
	GlobalSection(ExtensibilityGlobals) = postSolution
		SolutionGuid = {7F94190A-CC22-44EE-8F1C-8B9077A39166}
	EndGlobalSection
EndGlobal
